{
  "requires": true,
  "lockfileVersion": 1,
  "dependencies": {
    "collections": {
      "version": "5.1.8",
      "resolved": "https://registry.npmjs.org/collections/-/collections-5.1.8.tgz",
      "integrity": "sha512-2Vvizv30fKnBlso7kVtZTsuZDVvA6JvLotsSnGKiAiIM4Z+EW1/9yRgXqJJ0WFzj36yZNTUsI+/Yu2Ogoo0H0w==",
      "requires": {
        "weak-map": "~1.0.x"
      }
    },
    "ramda": {
      "version": "0.26.1",
      "resolved": "https://registry.npmjs.org/ramda/-/ramda-0.26.1.tgz",
      "integrity": "sha512-hLWjpy7EnsDBb0p+Z3B7rPi3GDeRG5ZtiI33kJhTt+ORCd38AbAIjB/9zRIUoeTbE/AVX5ZkU7m6bznsvrf8eQ=="
    },
    "weak-map": {
      "version": "1.0.5",
      "resolved": "https://registry.npmjs.org/weak-map/-/weak-map-1.0.5.tgz",
      "integrity": "sha1-eWkVhNmGB/UHC9O3CkDmuyLkAes="
    }
  }
}
